
Microsoft Visual Studio Solution File, Format Version 12.00
# Visual Studio Version 16
VisualStudioVersion = 16.0.30717.126
MinimumVisualStudioVersion = 10.0.40219.1
Project("{FAE04EC0-301F-11D3-BF4B-00C04F79EFBC}") = "PiAA_3", "PiAA_3\PiAA_3.csproj", "{9994FBA3-8427-4F9D-A49B-459A77C1C28C}"
EndProject
Global
	GlobalSection(SolutionConfigurationPlatforms) = preSolution
		Debug|Any CPU = Debug|Any CPU
		Release|Any CPU = Release|Any CPU
	EndGlobalSection
	GlobalSection(ProjectConfigurationPlatforms) = postSolution
		{9994FBA3-8427-4F9D-A49B-459A77C1C28C}.Debug|Any CPU.ActiveCfg = Debug|Any CPU
		{9994FBA3-8427-4F9D-A49B-459A77C1C28C}.Debug|Any CPU.Build.0 = Debug|Any CPU
		{9994FBA3-8427-4F9D-A49B-459A77C1C28C}.Release|Any CPU.ActiveCfg = Release|Any CPU
		{9994FBA3-8427-4F9D-A49B-459A77C1C28C}.Release|Any CPU.Build.0 = Release|Any CPU
	EndGlobalSection
	GlobalSection(SolutionProperties) = preSolution
		HideSolutionNode = FALSE
	EndGlobalSection
	GlobalSection(ExtensibilityGlobals) = postSolution
		SolutionGuid = {6A7FA8CE-9DA6-4465-8B6E-23FA3D5733BC}
	EndGlobalSection
EndGlobal
